
Microsoft Visual Studio Solution File, Format Version 12.00
# Visual Studio Version 17
VisualStudioVersion = 17.12.35527.113
MinimumVisualStudioVersion = 10.0.40219.1
Project("{FAE04EC0-301F-11D3-BF4B-00C04F79EFBC}") = "WinUserMgr", "UserMgr\WinUserMgr.csproj", "{F83C87F1-37DF-4A21-949F-BF7D2A03B807}"
EndProject
Project("{FAE04EC0-301F-11D3-BF4B-00C04F79EFBC}") = "SystemRes", "SystemRes\SystemRes.csproj", "{00E6561B-C3EB-4CAE-A294-7F70C6D185D8}"
EndProject
Project("{2150E333-8FDC-42A3-9474-1A3956D46DE8}") = "DocFile", "DocFile", "{0E536E94-42D4-4CE8-B8A8-D0A2B3678113}"
	ProjectSection(SolutionItems) = preProject
		LICENSE = LICENSE
		README.md = README.md
	EndProjectSection
EndProject
Project("{FAE04EC0-301F-11D3-BF4B-00C04F79EFBC}") = "UserInfo", "UserInfo\UserInfo.csproj", "{C3E37C3B-F48D-45AA-8134-9F61F6F96500}"
EndProject
Project("{F184B08F-C81C-45F6-A57F-5ABD9991F28F}") = "GroupMgr", "GroupMgr\GroupMgr.vbproj", "{65BB3000-3D76-46BA-8C04-E8F87124FD8C}"
EndProject
Global
	GlobalSection(SolutionConfigurationPlatforms) = preSolution
		Debug|Any CPU = Debug|Any CPU
		Debug|ARM64 = Debug|ARM64
		Debug|x64 = Debug|x64
		Debug|x86 = Debug|x86
		Release|Any CPU = Release|Any CPU
		Release|ARM64 = Release|ARM64
		Release|x64 = Release|x64
		Release|x86 = Release|x86
	EndGlobalSection
	GlobalSection(ProjectConfigurationPlatforms) = postSolution
		{F83C87F1-37DF-4A21-949F-BF7D2A03B807}.Debug|Any CPU.ActiveCfg = Debug|Any CPU
		{F83C87F1-37DF-4A21-949F-BF7D2A03B807}.Debug|Any CPU.Build.0 = Debug|Any CPU
		{F83C87F1-37DF-4A21-949F-BF7D2A03B807}.Debug|ARM64.ActiveCfg = Debug|ARM64
		{F83C87F1-37DF-4A21-949F-BF7D2A03B807}.Debug|ARM64.Build.0 = Debug|ARM64
		{F83C87F1-37DF-4A21-949F-BF7D2A03B807}.Debug|x64.ActiveCfg = Debug|x64
		{F83C87F1-37DF-4A21-949F-BF7D2A03B807}.Debug|x64.Build.0 = Debug|x64
		{F83C87F1-37DF-4A21-949F-BF7D2A03B807}.Debug|x86.ActiveCfg = Debug|x86
		{F83C87F1-37DF-4A21-949F-BF7D2A03B807}.Debug|x86.Build.0 = Debug|x86
		{F83C87F1-37DF-4A21-949F-BF7D2A03B807}.Release|Any CPU.ActiveCfg = Release|Any CPU
		{F83C87F1-37DF-4A21-949F-BF7D2A03B807}.Release|Any CPU.Build.0 = Release|Any CPU
		{F83C87F1-37DF-4A21-949F-BF7D2A03B807}.Release|ARM64.ActiveCfg = Release|ARM64
		{F83C87F1-37DF-4A21-949F-BF7D2A03B807}.Release|ARM64.Build.0 = Release|ARM64
		{F83C87F1-37DF-4A21-949F-BF7D2A03B807}.Release|x64.ActiveCfg = Release|x64
		{F83C87F1-37DF-4A21-949F-BF7D2A03B807}.Release|x64.Build.0 = Release|x64
		{F83C87F1-37DF-4A21-949F-BF7D2A03B807}.Release|x86.ActiveCfg = Release|x86
		{F83C87F1-37DF-4A21-949F-BF7D2A03B807}.Release|x86.Build.0 = Release|x86
		{00E6561B-C3EB-4CAE-A294-7F70C6D185D8}.Debug|Any CPU.ActiveCfg = Debug|Any CPU
		{00E6561B-C3EB-4CAE-A294-7F70C6D185D8}.Debug|Any CPU.Build.0 = Debug|Any CPU
		{00E6561B-C3EB-4CAE-A294-7F70C6D185D8}.Debug|ARM64.ActiveCfg = Debug|ARM64
		{00E6561B-C3EB-4CAE-A294-7F70C6D185D8}.Debug|ARM64.Build.0 = Debug|ARM64
		{00E6561B-C3EB-4CAE-A294-7F70C6D185D8}.Debug|x64.ActiveCfg = Debug|x64
		{00E6561B-C3EB-4CAE-A294-7F70C6D185D8}.Debug|x64.Build.0 = Debug|x64
		{00E6561B-C3EB-4CAE-A294-7F70C6D185D8}.Debug|x86.ActiveCfg = Debug|x86
		{00E6561B-C3EB-4CAE-A294-7F70C6D185D8}.Debug|x86.Build.0 = Debug|x86
		{00E6561B-C3EB-4CAE-A294-7F70C6D185D8}.Release|Any CPU.ActiveCfg = Release|Any CPU
		{00E6561B-C3EB-4CAE-A294-7F70C6D185D8}.Release|Any CPU.Build.0 = Release|Any CPU
		{00E6561B-C3EB-4CAE-A294-7F70C6D185D8}.Release|ARM64.ActiveCfg = Release|ARM64
		{00E6561B-C3EB-4CAE-A294-7F70C6D185D8}.Release|ARM64.Build.0 = Release|ARM64
		{00E6561B-C3EB-4CAE-A294-7F70C6D185D8}.Release|x64.ActiveCfg = Release|x64
		{00E6561B-C3EB-4CAE-A294-7F70C6D185D8}.Release|x64.Build.0 = Release|x64
		{00E6561B-C3EB-4CAE-A294-7F70C6D185D8}.Release|x86.ActiveCfg = Release|x86
		{00E6561B-C3EB-4CAE-A294-7F70C6D185D8}.Release|x86.Build.0 = Release|x86
		{C3E37C3B-F48D-45AA-8134-9F61F6F96500}.Debug|Any CPU.ActiveCfg = Debug|Any CPU
		{C3E37C3B-F48D-45AA-8134-9F61F6F96500}.Debug|Any CPU.Build.0 = Debug|Any CPU
		{C3E37C3B-F48D-45AA-8134-9F61F6F96500}.Debug|ARM64.ActiveCfg = Debug|ARM64
		{C3E37C3B-F48D-45AA-8134-9F61F6F96500}.Debug|ARM64.Build.0 = Debug|ARM64
		{C3E37C3B-F48D-45AA-8134-9F61F6F96500}.Debug|x64.ActiveCfg = Debug|x64
		{C3E37C3B-F48D-45AA-8134-9F61F6F96500}.Debug|x64.Build.0 = Debug|x64
		{C3E37C3B-F48D-45AA-8134-9F61F6F96500}.Debug|x86.ActiveCfg = Debug|x86
		{C3E37C3B-F48D-45AA-8134-9F61F6F96500}.Debug|x86.Build.0 = Debug|x86
		{C3E37C3B-F48D-45AA-8134-9F61F6F96500}.Release|Any CPU.ActiveCfg = Release|Any CPU
		{C3E37C3B-F48D-45AA-8134-9F61F6F96500}.Release|Any CPU.Build.0 = Release|Any CPU
		{C3E37C3B-F48D-45AA-8134-9F61F6F96500}.Release|ARM64.ActiveCfg = Release|ARM64
		{C3E37C3B-F48D-45AA-8134-9F61F6F96500}.Release|ARM64.Build.0 = Release|ARM64
		{C3E37C3B-F48D-45AA-8134-9F61F6F96500}.Release|x64.ActiveCfg = Release|x64
		{C3E37C3B-F48D-45AA-8134-9F61F6F96500}.Release|x64.Build.0 = Release|x64
		{C3E37C3B-F48D-45AA-8134-9F61F6F96500}.Release|x86.ActiveCfg = Release|x86
		{C3E37C3B-F48D-45AA-8134-9F61F6F96500}.Release|x86.Build.0 = Release|x86
		{65BB3000-3D76-46BA-8C04-E8F87124FD8C}.Debug|Any CPU.ActiveCfg = Debug|Any CPU
		{65BB3000-3D76-46BA-8C04-E8F87124FD8C}.Debug|Any CPU.Build.0 = Debug|Any CPU
		{65BB3000-3D76-46BA-8C04-E8F87124FD8C}.Debug|ARM64.ActiveCfg = Debug|ARM64
		{65BB3000-3D76-46BA-8C04-E8F87124FD8C}.Debug|ARM64.Build.0 = Debug|ARM64
		{65BB3000-3D76-46BA-8C04-E8F87124FD8C}.Debug|x64.ActiveCfg = Debug|x64
		{65BB3000-3D76-46BA-8C04-E8F87124FD8C}.Debug|x64.Build.0 = Debug|x64
		{65BB3000-3D76-46BA-8C04-E8F87124FD8C}.Debug|x86.ActiveCfg = Debug|x86
		{65BB3000-3D76-46BA-8C04-E8F87124FD8C}.Debug|x86.Build.0 = Debug|x86
		{65BB3000-3D76-46BA-8C04-E8F87124FD8C}.Release|Any CPU.ActiveCfg = Release|Any CPU
		{65BB3000-3D76-46BA-8C04-E8F87124FD8C}.Release|Any CPU.Build.0 = Release|Any CPU
		{65BB3000-3D76-46BA-8C04-E8F87124FD8C}.Release|ARM64.ActiveCfg = Release|ARM64
		{65BB3000-3D76-46BA-8C04-E8F87124FD8C}.Release|ARM64.Build.0 = Release|ARM64
		{65BB3000-3D76-46BA-8C04-E8F87124FD8C}.Release|x64.ActiveCfg = Release|x64
		{65BB3000-3D76-46BA-8C04-E8F87124FD8C}.Release|x64.Build.0 = Release|x64
		{65BB3000-3D76-46BA-8C04-E8F87124FD8C}.Release|x86.ActiveCfg = Release|x86
		{65BB3000-3D76-46BA-8C04-E8F87124FD8C}.Release|x86.Build.0 = Release|x86
	EndGlobalSection
	GlobalSection(SolutionProperties) = preSolution
		HideSolutionNode = FALSE
	EndGlobalSection
	GlobalSection(ExtensibilityGlobals) = postSolution
		SolutionGuid = {029905A0-7041-425F-B2BA-D760245E8990}
	EndGlobalSection
EndGlobal
