
Microsoft Visual Studio Solution File, Format Version 11.00
# Visual Studio 2010
Project("{FAE04EC0-301F-11D3-BF4B-00C04F79EFBC}") = "SystemRes", "SystemRes\SystemRes.csproj", "{00E6561B-C3EB-4CAE-A294-7F70C6D185D8}"
EndProject
Project("{FAE04EC0-301F-11D3-BF4B-00C04F79EFBC}") = "UserInfo", "UserInfo\UserInfo.csproj", "{C3E37C3B-F48D-45AA-8134-9F61F6F96500}"
EndProject
Project("{F184B08F-C81C-45F6-A57F-5ABD9991F28F}") = "GroupMgr", "GroupMgr\GroupMgr.vbproj", "{65BB3000-3D76-46BA-8C04-E8F87124FD8C}"
EndProject
Project("{FAE04EC0-301F-11D3-BF4B-00C04F79EFBC}") = "WinUserMgr", "UserMgr\WinUserMgr.csproj", "{F83C87F1-37DF-4A21-949F-BF7D2A03B807}"
EndProject
Global
	GlobalSection(SolutionConfigurationPlatforms) = preSolution
		Debug|Any CPU = Debug|Any CPU
		Release|Any CPU = Release|Any CPU
	EndGlobalSection
	GlobalSection(ProjectConfigurationPlatforms) = postSolution
		{00E6561B-C3EB-4CAE-A294-7F70C6D185D8}.Debug|Any CPU.ActiveCfg = Debug|Any CPU
		{00E6561B-C3EB-4CAE-A294-7F70C6D185D8}.Debug|Any CPU.Build.0 = Debug|Any CPU
		{00E6561B-C3EB-4CAE-A294-7F70C6D185D8}.Release|Any CPU.ActiveCfg = Release|Any CPU
		{00E6561B-C3EB-4CAE-A294-7F70C6D185D8}.Release|Any CPU.Build.0 = Release|Any CPU
		{C3E37C3B-F48D-45AA-8134-9F61F6F96500}.Debug|Any CPU.ActiveCfg = Debug|Any CPU
		{C3E37C3B-F48D-45AA-8134-9F61F6F96500}.Debug|Any CPU.Build.0 = Debug|Any CPU
		{C3E37C3B-F48D-45AA-8134-9F61F6F96500}.Release|Any CPU.ActiveCfg = Release|Any CPU
		{C3E37C3B-F48D-45AA-8134-9F61F6F96500}.Release|Any CPU.Build.0 = Release|Any CPU
		{65BB3000-3D76-46BA-8C04-E8F87124FD8C}.Debug|Any CPU.ActiveCfg = Debug|Any CPU
		{65BB3000-3D76-46BA-8C04-E8F87124FD8C}.Debug|Any CPU.Build.0 = Debug|Any CPU
		{65BB3000-3D76-46BA-8C04-E8F87124FD8C}.Release|Any CPU.ActiveCfg = Release|Any CPU
		{65BB3000-3D76-46BA-8C04-E8F87124FD8C}.Release|Any CPU.Build.0 = Release|Any CPU
		{F83C87F1-37DF-4A21-949F-BF7D2A03B807}.Debug|Any CPU.ActiveCfg = Debug|Any CPU
		{F83C87F1-37DF-4A21-949F-BF7D2A03B807}.Debug|Any CPU.Build.0 = Debug|Any CPU
		{F83C87F1-37DF-4A21-949F-BF7D2A03B807}.Release|Any CPU.ActiveCfg = Release|Any CPU
		{F83C87F1-37DF-4A21-949F-BF7D2A03B807}.Release|Any CPU.Build.0 = Release|Any CPU
	EndGlobalSection
	GlobalSection(SolutionProperties) = preSolution
		HideSolutionNode = FALSE
	EndGlobalSection
EndGlobal
